
Microsoft Visual Studio Solution File, Format Version 12.00
# Visual Studio Version 16
VisualStudioVersion = 16.0.30011.22
MinimumVisualStudioVersion = 10.0.40219.1
Project("{9A19103F-16F7-4668-BE54-9A1E7A4F7556}") = "ConceptArchitect.BookManagement", "ConceptArchitect.BookManagement\ConceptArchitect.BookManagement.csproj", "{D488635F-CC31-42B8-8972-B0075E4604F9}"
EndProject
Project("{9A19103F-16F7-4668-BE54-9A1E7A4F7556}") = "ConceptArchitect.BookManagement.FlatFileRepository", "ConceptArchitect.BookManagement.FlatFileRepository\ConceptArchitect.BookManagement.FlatFileRepository.csproj", "{3423E6C3-8090-4865-885C-85430F78B348}"
EndProject
Project("{FAE04EC0-301F-11D3-BF4B-00C04F79EFBC}") = "BooksWebFull", "BooksWebFull\BooksWebFull.csproj", "{E43B2C58-1E39-4E38-A1FC-D41B27F8DAC7}"
EndProject
Project("{9A19103F-16F7-4668-BE54-9A1E7A4F7556}") = "BooksWebCore", "BooksWebCore\BooksWebCore.csproj", "{55E824ED-C7EB-4A90-B659-C43017AECA3D}"
EndProject
Project("{9A19103F-16F7-4668-BE54-9A1E7A4F7556}") = "ConceptArchitect.BookManagement.EFRep", "ConceptArchitect.BookManagement.EFRep\ConceptArchitect.BookManagement.EFRep.csproj", "{7B310F7D-692F-480F-91E4-E9B211D51736}"
EndProject
Project("{FAE04EC0-301F-11D3-BF4B-00C04F79EFBC}") = "BookWebApiServerFull", "BookWebApiServerFull\BookWebApiServerFull.csproj", "{D42F54A3-AEE8-4ACA-9BC0-BF417713228F}"
EndProject
Project("{9A19103F-16F7-4668-BE54-9A1E7A4F7556}") = "BooksManagementXUnitTest", "BooksManagementXUnitTest\BooksManagementXUnitTest.csproj", "{FBD5E467-9E2A-4D76-925A-1B3E975C28A4}"
EndProject
Project("{FAE04EC0-301F-11D3-BF4B-00C04F79EFBC}") = "BooksWebCoreFinal", "BooksWebCoreFinal\BooksWebCoreFinal.csproj", "{0BBC0227-7962-4D7B-8D5F-1AF5227FDC01}"
EndProject
Project("{FAE04EC0-301F-11D3-BF4B-00C04F79EFBC}") = "SignalRChat", "SignalRChat\SignalRChat.csproj", "{EB07147E-D92D-4156-9D09-1794F09BFEDE}"
EndProject
Global
	GlobalSection(SolutionConfigurationPlatforms) = preSolution
		Debug|Any CPU = Debug|Any CPU
		Release|Any CPU = Release|Any CPU
	EndGlobalSection
	GlobalSection(ProjectConfigurationPlatforms) = postSolution
		{D488635F-CC31-42B8-8972-B0075E4604F9}.Debug|Any CPU.ActiveCfg = Debug|Any CPU
		{D488635F-CC31-42B8-8972-B0075E4604F9}.Debug|Any CPU.Build.0 = Debug|Any CPU
		{D488635F-CC31-42B8-8972-B0075E4604F9}.Release|Any CPU.ActiveCfg = Release|Any CPU
		{D488635F-CC31-42B8-8972-B0075E4604F9}.Release|Any CPU.Build.0 = Release|Any CPU
		{3423E6C3-8090-4865-885C-85430F78B348}.Debug|Any CPU.ActiveCfg = Debug|Any CPU
		{3423E6C3-8090-4865-885C-85430F78B348}.Debug|Any CPU.Build.0 = Debug|Any CPU
		{3423E6C3-8090-4865-885C-85430F78B348}.Release|Any CPU.ActiveCfg = Release|Any CPU
		{3423E6C3-8090-4865-885C-85430F78B348}.Release|Any CPU.Build.0 = Release|Any CPU
		{E43B2C58-1E39-4E38-A1FC-D41B27F8DAC7}.Debug|Any CPU.ActiveCfg = Debug|Any CPU
		{E43B2C58-1E39-4E38-A1FC-D41B27F8DAC7}.Debug|Any CPU.Build.0 = Debug|Any CPU
		{E43B2C58-1E39-4E38-A1FC-D41B27F8DAC7}.Release|Any CPU.ActiveCfg = Release|Any CPU
		{E43B2C58-1E39-4E38-A1FC-D41B27F8DAC7}.Release|Any CPU.Build.0 = Release|Any CPU
		{55E824ED-C7EB-4A90-B659-C43017AECA3D}.Debug|Any CPU.ActiveCfg = Debug|Any CPU
		{55E824ED-C7EB-4A90-B659-C43017AECA3D}.Debug|Any CPU.Build.0 = Debug|Any CPU
		{55E824ED-C7EB-4A90-B659-C43017AECA3D}.Release|Any CPU.ActiveCfg = Release|Any CPU
		{55E824ED-C7EB-4A90-B659-C43017AECA3D}.Release|Any CPU.Build.0 = Release|Any CPU
		{7B310F7D-692F-480F-91E4-E9B211D51736}.Debug|Any CPU.ActiveCfg = Debug|Any CPU
		{7B310F7D-692F-480F-91E4-E9B211D51736}.Debug|Any CPU.Build.0 = Debug|Any CPU
		{7B310F7D-692F-480F-91E4-E9B211D51736}.Release|Any CPU.ActiveCfg = Release|Any CPU
		{7B310F7D-692F-480F-91E4-E9B211D51736}.Release|Any CPU.Build.0 = Release|Any CPU
		{D42F54A3-AEE8-4ACA-9BC0-BF417713228F}.Debug|Any CPU.ActiveCfg = Debug|Any CPU
		{D42F54A3-AEE8-4ACA-9BC0-BF417713228F}.Debug|Any CPU.Build.0 = Debug|Any CPU
		{D42F54A3-AEE8-4ACA-9BC0-BF417713228F}.Release|Any CPU.ActiveCfg = Release|Any CPU
		{D42F54A3-AEE8-4ACA-9BC0-BF417713228F}.Release|Any CPU.Build.0 = Release|Any CPU
		{FBD5E467-9E2A-4D76-925A-1B3E975C28A4}.Debug|Any CPU.ActiveCfg = Debug|Any CPU
		{FBD5E467-9E2A-4D76-925A-1B3E975C28A4}.Debug|Any CPU.Build.0 = Debug|Any CPU
		{FBD5E467-9E2A-4D76-925A-1B3E975C28A4}.Release|Any CPU.ActiveCfg = Release|Any CPU
		{FBD5E467-9E2A-4D76-925A-1B3E975C28A4}.Release|Any CPU.Build.0 = Release|Any CPU
		{0BBC0227-7962-4D7B-8D5F-1AF5227FDC01}.Debug|Any CPU.ActiveCfg = Debug|Any CPU
		{0BBC0227-7962-4D7B-8D5F-1AF5227FDC01}.Debug|Any CPU.Build.0 = Debug|Any CPU
		{0BBC0227-7962-4D7B-8D5F-1AF5227FDC01}.Release|Any CPU.ActiveCfg = Release|Any CPU
		{0BBC0227-7962-4D7B-8D5F-1AF5227FDC01}.Release|Any CPU.Build.0 = Release|Any CPU
		{EB07147E-D92D-4156-9D09-1794F09BFEDE}.Debug|Any CPU.ActiveCfg = Debug|Any CPU
		{EB07147E-D92D-4156-9D09-1794F09BFEDE}.Debug|Any CPU.Build.0 = Debug|Any CPU
		{EB07147E-D92D-4156-9D09-1794F09BFEDE}.Release|Any CPU.ActiveCfg = Release|Any CPU
		{EB07147E-D92D-4156-9D09-1794F09BFEDE}.Release|Any CPU.Build.0 = Release|Any CPU
	EndGlobalSection
	GlobalSection(SolutionProperties) = preSolution
		HideSolutionNode = FALSE
	EndGlobalSection
	GlobalSection(ExtensibilityGlobals) = postSolution
		SolutionGuid = {538B997A-02B2-4FC5-9D60-F3C3E8BA60B3}
	EndGlobalSection
EndGlobal
